Microsoft Visual Studio Solution File, Format Version 11.00
# Visual Studio 2008

Project("{4236C6D5-66EF-05B5-1AC4-FF338449AAEF}") = "VoxelloopMMOThing", "Assembly-CSharp-firstpass-vs.csproj", "{8ED0F6D1-529D-5B25-D505-62DC605C76C5}"
EndProject
Project("{4236C6D5-66EF-05B5-1AC4-FF338449AAEF}") = "VoxelloopMMOThing", "Assembly-CSharp-vs.csproj", "{4379D47E-7F1D-8D0A-62FD-D999833E651F}"
EndProject
Project("{4236C6D5-66EF-05B5-1AC4-FF338449AAEF}") = "VoxelloopMMOThing", "Assembly-CSharp-Editor-vs.csproj", "{7943C026-6FA0-C675-6EA3-B75B217DA3E0}"
EndProject
Global
	GlobalSection(SolutionConfigurationPlatforms) = preSolution
		Debug|Any CPU = Debug|Any CPU
		Release|Any CPU = Release|Any CPU
	EndGlobalSection
	GlobalSection(ProjectConfigurationPlatforms) = postSolution
		{8ED0F6D1-529D-5B25-D505-62DC605C76C5}.Debug|Any CPU.ActiveCfg = Debug|Any CPU
		{8ED0F6D1-529D-5B25-D505-62DC605C76C5}.Debug|Any CPU.Build.0 = Debug|Any CPU
		{8ED0F6D1-529D-5B25-D505-62DC605C76C5}.Release|Any CPU.ActiveCfg = Release|Any CPU
		{8ED0F6D1-529D-5B25-D505-62DC605C76C5}.Release|Any CPU.Build.0 = Release|Any CPU
		{4379D47E-7F1D-8D0A-62FD-D999833E651F}.Debug|Any CPU.ActiveCfg = Debug|Any CPU
		{4379D47E-7F1D-8D0A-62FD-D999833E651F}.Debug|Any CPU.Build.0 = Debug|Any CPU
		{4379D47E-7F1D-8D0A-62FD-D999833E651F}.Release|Any CPU.ActiveCfg = Release|Any CPU
		{4379D47E-7F1D-8D0A-62FD-D999833E651F}.Release|Any CPU.Build.0 = Release|Any CPU
		{7943C026-6FA0-C675-6EA3-B75B217DA3E0}.Debug|Any CPU.ActiveCfg = Debug|Any CPU
		{7943C026-6FA0-C675-6EA3-B75B217DA3E0}.Debug|Any CPU.Build.0 = Debug|Any CPU
		{7943C026-6FA0-C675-6EA3-B75B217DA3E0}.Release|Any CPU.ActiveCfg = Release|Any CPU
		{7943C026-6FA0-C675-6EA3-B75B217DA3E0}.Release|Any CPU.Build.0 = Release|Any CPU
	EndGlobalSection
	GlobalSection(SolutionProperties) = preSolution
		HideSolutionNode = FALSE
	EndGlobalSection
					GlobalSection(MonoDevelopProperties) = preSolution
		StartupItem = Assembly-CSharp.csproj
		Policies = $0
		$0.TextStylePolicy = $1
		$1.inheritsSet = null
		$1.scope = text/x-csharp
		$0.CSharpFormattingPolicy = $2
		$2.inheritsSet = Mono
		$2.inheritsScope = text/x-csharp
		$2.scope = text/x-csharp
		$0.TextStylePolicy = $3
		$3.FileWidth = 120
		$3.TabWidth = 4
		$3.IndentWidth = 4
		$3.EolMarker = Unix
		$3.inheritsSet = Mono
		$3.inheritsScope = text/plain
		$3.scope = text/plain
	EndGlobalSection

EndGlobal
